// !$*UTF8*$!
{
	archiveVersion = 1;
	classes = {
	};
	objectVersion = 46;
	objects = {

/* Begin PBXBuildFile section */
		14685EAA19FAD44B007B705B /* main.m in Sources */ = {isa = PBXBuildFile; fileRef = 14685EA919FAD44B007B705B /* main.m */; };
		14685EAD19FAD44B007B705B /* AppDelegate.m in Sources */ = {isa = PBXBuildFile; fileRef = 14685EAC19FAD44B007B705B /* AppDelegate.m */; };
		14685EB319FAD44B007B705B /* Main.storyboard in Resources */ = {isa = PBXBuildFile; fileRef = 14685EB119FAD44B007B705B /* Main.storyboard */; };
		14685EB519FAD44B007B705B /* Images.xcassets in Resources */ = {isa = PBXBuildFile; fileRef = 14685EB419FAD44B007B705B /* Images.xcassets */; };
		14685EC419FAD44C007B705B /* codePadTests.m in Sources */ = {isa = PBXBuildFile; fileRef = 14685EC319FAD44C007B705B /* codePadTests.m */; };
		14685F7B19FAF1E9007B705B /* CoreText.framework in Frameworks */ = {isa = PBXBuildFile; fileRef = 14685F7A19FAF1E9007B705B /* CoreText.framework */; };
		14685FA919FB0657007B705B /* CYRLayoutManager.m in Sources */ = {isa = PBXBuildFile; fileRef = 14685FA219FB0657007B705B /* CYRLayoutManager.m */; };
		14685FAA19FB0657007B705B /* CYRTextStorage.m in Sources */ = {isa = PBXBuildFile; fileRef = 14685FA419FB0657007B705B /* CYRTextStorage.m */; };
		14685FAB19FB0657007B705B /* CYRTextView.m in Sources */ = {isa = PBXBuildFile; fileRef = 14685FA619FB0657007B705B /* CYRTextView.m */; };
		14685FAC19FB0657007B705B /* CYRToken.m in Sources */ = {isa = PBXBuildFile; fileRef = 14685FA819FB0657007B705B /* CYRToken.m */; };
		14685FB119FB0695007B705B /* QEDTextView.m in Sources */ = {isa = PBXBuildFile; fileRef = 14685FAE19FB0695007B705B /* QEDTextView.m */; };
		14685FB219FB0695007B705B /* ViewController.m in Sources */ = {isa = PBXBuildFile; fileRef = 14685FB019FB0695007B705B /* ViewController.m */; };
		147C444B19FD5E3A00E56AC1 /* SelectFileViewController.m in Sources */ = {isa = PBXBuildFile; fileRef = 147C444A19FD5E3A00E56AC1 /* SelectFileViewController.m */; };
		14997B3A19FD6802004BFB5E /* QuartzCore.framework in Frameworks */ = {isa = PBXBuildFile; fileRef = 14997B3919FD6802004BFB5E /* QuartzCore.framework */; };
		14997B3D19FD6CEF004BFB5E /* DropboxTableViewController.m in Sources */ = {isa = PBXBuildFile; fileRef = 14997B3C19FD6CEF004BFB5E /* DropboxTableViewController.m */; };
		14997B4319FD8FD1004BFB5E /* FileTableViewCell.m in Sources */ = {isa = PBXBuildFile; fileRef = 14997B4219FD8FD1004BFB5E /* FileTableViewCell.m */; };
		F79017BDA74719FA80800615 /* libPods.a in Frameworks */ = {isa = PBXBuildFile; fileRef = D5A119B560B6B777FCD0A47C /* libPods.a */; };
/* End PBXBuildFile section */

/* Begin PBXContainerItemProxy section */
		14685EBE19FAD44C007B705B /* PBXContainerItemProxy */ = {
			isa = PBXContainerItemProxy;
			containerPortal = 14685E9C19FAD44B007B705B /* Project object */;
			proxyType = 1;
			remoteGlobalIDString = 14685EA319FAD44B007B705B;
			remoteInfo = codePad;
		};
/* End PBXContainerItemProxy section */

/* Begin PBXFileReference section */
		14685EA419FAD44B007B705B /* codePad.app */ = {isa = PBXFileReference; explicitFileType = wrapper.application; includeInIndex = 0; path = codePad.app; sourceTree = BUILT_PRODUCTS_DIR; };
		14685EA819FAD44B007B705B /* Info.plist */ = {isa = PBXFileReference; lastKnownFileType = text.plist.xml; path = Info.plist; sourceTree = "<group>"; };
		14685EA919FAD44B007B705B /* main.m */ = {isa = PBXFileReference; lastKnownFileType = sourcecode.c.objc; path = main.m; sourceTree = "<group>"; };
		14685EAB19FAD44B007B705B /* AppDelegate.h */ = {isa = PBXFileReference; lastKnownFileType = sourcecode.c.h; path = AppDelegate.h; sourceTree = "<group>"; };
		14685EAC19FAD44B007B705B /* AppDelegate.m */ = {isa = PBXFileReference; lastKnownFileType = sourcecode.c.objc; path = AppDelegate.m; sourceTree = "<group>"; };
		14685EB219FAD44B007B705B /* Base */ = {isa = PBXFileReference; lastKnownFileType = file.storyboard; name = Base; path = Base.lproj/Main.storyboard; sourceTree = "<group>"; };
		14685EB419FAD44B007B705B /* Images.xcassets */ = {isa = PBXFileReference; lastKnownFileType = folder.assetcatalog; path = Images.xcassets; sourceTree = "<group>"; };
		14685EBD19FAD44C007B705B /* codePadTests.xctest */ = {isa = PBXFileReference; explicitFileType = wrapper.cfbundle; includeInIndex = 0; path = codePadTests.xctest; sourceTree = BUILT_PRODUCTS_DIR; };
		14685EC219FAD44C007B705B /* Info.plist */ = {isa = PBXFileReference; lastKnownFileType = text.plist.xml; path = Info.plist; sourceTree = "<group>"; };
		14685EC319FAD44C007B705B /* codePadTests.m */ = {isa = PBXFileReference; lastKnownFileType = sourcecode.c.objc; path = codePadTests.m; sourceTree = "<group>"; };
		14685F7A19FAF1E9007B705B /* CoreText.framework */ = {isa = PBXFileReference; lastKnownFileType = wrapper.framework; name = CoreText.framework; path = System/Library/Frameworks/CoreText.framework; sourceTree = SDKROOT; };
		14685FA119FB0657007B705B /* CYRLayoutManager.h */ = {isa = PBXFileReference; fileEncoding = 4; lastKnownFileType = sourcecode.c.h; path = CYRLayoutManager.h; sourceTree = "<group>"; };
		14685FA219FB0657007B705B /* CYRLayoutManager.m */ = {isa = PBXFileReference; fileEncoding = 4; lastKnownFileType = sourcecode.c.objc; path = CYRLayoutManager.m; sourceTree = "<group>"; };
		14685FA319FB0657007B705B /* CYRTextStorage.h */ = {isa = PBXFileReference; fileEncoding = 4; lastKnownFileType = sourcecode.c.h; path = CYRTextStorage.h; sourceTree = "<group>"; };
		14685FA419FB0657007B705B /* CYRTextStorage.m */ = {isa = PBXFileReference; fileEncoding = 4; lastKnownFileType = sourcecode.c.objc; path = CYRTextStorage.m; sourceTree = "<group>"; };
		14685FA519FB0657007B705B /* CYRTextView.h */ = {isa = PBXFileReference; fileEncoding = 4; lastKnownFileType = sourcecode.c.h; path = CYRTextView.h; sourceTree = "<group>"; };
		14685FA619FB0657007B705B /* CYRTextView.m */ = {isa = PBXFileReference; fileEncoding = 4; lastKnownFileType = sourcecode.c.objc; path = CYRTextView.m; sourceTree = "<group>"; };
		14685FA719FB0657007B705B /* CYRToken.h */ = {isa = PBXFileReference; fileEncoding = 4; lastKnownFileType = sourcecode.c.h; path = CYRToken.h; sourceTree = "<group>"; };
		14685FA819FB0657007B705B /* CYRToken.m */ = {isa = PBXFileReference; fileEncoding = 4; lastKnownFileType = sourcecode.c.objc; path = CYRToken.m; sourceTree = "<group>"; };
		14685FAD19FB0695007B705B /* QEDTextView.h */ = {isa = PBXFileReference; fileEncoding = 4; lastKnownFileType = sourcecode.c.h; name = QEDTextView.h; path = ../QEDTextView.h; sourceTree = "<group>"; };
		14685FAE19FB0695007B705B /* QEDTextView.m */ = {isa = PBXFileReference; fileEncoding = 4; lastKnownFileType = sourcecode.c.objc; name = QEDTextView.m; path = ../QEDTextView.m; sourceTree = "<group>"; };
		14685FAF19FB0695007B705B /* ViewController.h */ = {isa = PBXFileReference; fileEncoding = 4; lastKnownFileType = sourcecode.c.h; path = ViewController.h; sourceTree = "<group>"; };
		14685FB019FB0695007B705B /* ViewController.m */ = {isa = PBXFileReference; fileEncoding = 4; lastKnownFileType = sourcecode.c.objc; path = ViewController.m; sourceTree = "<group>"; };
		147C444919FD5E3A00E56AC1 /* SelectFileViewController.h */ = {isa = PBXFileReference; fileEncoding = 4; lastKnownFileType = sourcecode.c.h; path = SelectFileViewController.h; sourceTree = "<group>"; };
		147C444A19FD5E3A00E56AC1 /* SelectFileViewController.m */ = {isa = PBXFileReference; fileEncoding = 4; lastKnownFileType = sourcecode.c.objc; path = SelectFileViewController.m; sourceTree = "<group>"; };
		14997B3919FD6802004BFB5E /* QuartzCore.framework */ = {isa = PBXFileReference; lastKnownFileType = wrapper.framework; name = QuartzCore.framework; path = System/Library/Frameworks/QuartzCore.framework; sourceTree = SDKROOT; };
		14997B3B19FD6CEF004BFB5E /* DropboxTableViewController.h */ = {isa = PBXFileReference; fileEncoding = 4; lastKnownFileType = sourcecode.c.h; path = DropboxTableViewController.h; sourceTree = "<group>"; };
		14997B3C19FD6CEF004BFB5E /* DropboxTableViewController.m */ = {isa = PBXFileReference; fileEncoding = 4; lastKnownFileType = sourcecode.c.objc; path = DropboxTableViewController.m; sourceTree = "<group>"; };
		14997B3E19FD869F004BFB5E /* codePad.entitlements */ = {isa = PBXFileReference; lastKnownFileType = text.xml; path = codePad.entitlements; sourceTree = "<group>"; };
		14997B4119FD8FD1004BFB5E /* FileTableViewCell.h */ = {isa = PBXFileReference; fileEncoding = 4; lastKnownFileType = sourcecode.c.h; path = FileTableViewCell.h; sourceTree = "<group>"; };
		14997B4219FD8FD1004BFB5E /* FileTableViewCell.m */ = {isa = PBXFileReference; fileEncoding = 4; lastKnownFileType = sourcecode.c.objc; path = FileTableViewCell.m; sourceTree = "<group>"; };
		627D1268502EA902597F4DB9 /* Pods.release.xcconfig */ = {isa = PBXFileReference; includeInIndex = 1; lastKnownFileType = text.xcconfig; name = Pods.release.xcconfig; path = "Pods/Target Support Files/Pods/Pods.release.xcconfig"; sourceTree = "<group>"; };
		B856BE1054D1D012721DC9CE /* Pods.debug.xcconfig */ = {isa = PBXFileReference; includeInIndex = 1; lastKnownFileType = text.xcconfig; name = Pods.debug.xcconfig; path = "Pods/Target Support Files/Pods/Pods.debug.xcconfig"; sourceTree = "<group>"; };
		D5A119B560B6B777FCD0A47C /* libPods.a */ = {isa = PBXFileReference; explicitFileType = archive.ar; includeInIndex = 0; path = libPods.a; sourceTree = BUILT_PRODUCTS_DIR; };
/* End PBXFileReference section */

/* Begin PBXFrameworksBuildPhase section */
		14685EA119FAD44B007B705B /* Frameworks */ = {
			isa = PBXFrameworksBuildPhase;
			buildActionMask = 2147483647;
			files = (
				14997B3A19FD6802004BFB5E /* QuartzCore.framework in Frameworks */,
				14685F7B19FAF1E9007B705B /* CoreText.framework in Frameworks */,
				F79017BDA74719FA80800615 /* libPods.a in Frameworks */,
			);
			runOnlyForDeploymentPostprocessing = 0;
		};
		14685EBA19FAD44C007B705B /* Frameworks */ = {
			isa = PBXFrameworksBuildPhase;
			buildActionMask = 2147483647;
			files = (
			);
			runOnlyForDeploymentPostprocessing = 0;
		};
/* End PBXFrameworksBuildPhase section */

/* Begin PBXGroup section */
		14685E9B19FAD44B007B705B = {
			isa = PBXGroup;
			children = (
				14685F7A19FAF1E9007B705B /* CoreText.framework */,
				14685EA619FAD44B007B705B /* codePad */,
				14685EC019FAD44C007B705B /* codePadTests */,
				14685EA519FAD44B007B705B /* Products */,
				A1D7D397A2FFCE4F72507569 /* Pods */,
				92D6D1F2663251E99E9834C6 /* Frameworks */,
			);
			sourceTree = "<group>";
		};
		14685EA519FAD44B007B705B /* Products */ = {
			isa = PBXGroup;
			children = (
				14685EA419FAD44B007B705B /* codePad.app */,
				14685EBD19FAD44C007B705B /* codePadTests.xctest */,
			);
			name = Products;
			sourceTree = "<group>";
		};
		14685EA619FAD44B007B705B /* codePad */ = {
			isa = PBXGroup;
			children = (
				14997B3E19FD869F004BFB5E /* codePad.entitlements */,
				14685EB119FAD44B007B705B /* Main.storyboard */,
				14685EAB19FAD44B007B705B /* AppDelegate.h */,
				14685EAC19FAD44B007B705B /* AppDelegate.m */,
				14685FAF19FB0695007B705B /* ViewController.h */,
				14685FB019FB0695007B705B /* ViewController.m */,
				147C444919FD5E3A00E56AC1 /* SelectFileViewController.h */,
				147C444A19FD5E3A00E56AC1 /* SelectFileViewController.m */,
				14997B3B19FD6CEF004BFB5E /* DropboxTableViewController.h */,
				14997B3C19FD6CEF004BFB5E /* DropboxTableViewController.m */,
				14685EB419FAD44B007B705B /* Images.xcassets */,
				14685EA719FAD44B007B705B /* Supporting Files */,
				14685FA019FB0657007B705B /* CYRTextView */,
				14997B4119FD8FD1004BFB5E /* FileTableViewCell.h */,
				14997B4219FD8FD1004BFB5E /* FileTableViewCell.m */,
			);
			path = codePad;
			sourceTree = "<group>";
		};
		14685EA719FAD44B007B705B /* Supporting Files */ = {
			isa = PBXGroup;
			children = (
				14685EA819FAD44B007B705B /* Info.plist */,
				14685EA919FAD44B007B705B /* main.m */,
			);
			name = "Supporting Files";
			sourceTree = "<group>";
		};
		14685EC019FAD44C007B705B /* codePadTests */ = {
			isa = PBXGroup;
			children = (
				14685EC319FAD44C007B705B /* codePadTests.m */,
				14685EC119FAD44C007B705B /* Supporting Files */,
			);
			path = codePadTests;
			sourceTree = "<group>";
		};
		14685EC119FAD44C007B705B /* Supporting Files */ = {
			isa = PBXGroup;
			children = (
				14685EC219FAD44C007B705B /* Info.plist */,
			);
			name = "Supporting Files";
			sourceTree = "<group>";
		};
		14685FA019FB0657007B705B /* CYRTextView */ = {
			isa = PBXGroup;
			children = (
				14685FAD19FB0695007B705B /* QEDTextView.h */,
				14685FAE19FB0695007B705B /* QEDTextView.m */,
				14685FA119FB0657007B705B /* CYRLayoutManager.h */,
				14685FA219FB0657007B705B /* CYRLayoutManager.m */,
				14685FA319FB0657007B705B /* CYRTextStorage.h */,
				14685FA419FB0657007B705B /* CYRTextStorage.m */,
				14685FA519FB0657007B705B /* CYRTextView.h */,
				14685FA619FB0657007B705B /* CYRTextView.m */,
				14685FA719FB0657007B705B /* CYRToken.h */,
				14685FA819FB0657007B705B /* CYRToken.m */,
			);
			path = CYRTextView;
			sourceTree = "<group>";
		};
		92D6D1F2663251E99E9834C6 /* Frameworks */ = {
			isa = PBXGroup;
			children = (
				14997B3919FD6802004BFB5E /* QuartzCore.framework */,
				D5A119B560B6B777FCD0A47C /* libPods.a */,
			);
			name = Frameworks;
			sourceTree = "<group>";
		};
		A1D7D397A2FFCE4F72507569 /* Pods */ = {
			isa = PBXGroup;
			children = (
				B856BE1054D1D012721DC9CE /* Pods.debug.xcconfig */,
				627D1268502EA902597F4DB9 /* Pods.release.xcconfig */,
			);
			name = Pods;
			sourceTree = "<group>";
		};
/* End PBXGroup section */

/* Begin PBXNativeTarget section */
		14685EA319FAD44B007B705B /* codePad */ = {
			isa = PBXNativeTarget;
			buildConfigurationList = 14685EC719FAD44C007B705B /* Build configuration list for PBXNativeTarget "codePad" */;
			buildPhases = (
				35FD0847D606DFA4A94846E1 /* Check Pods Manifest.lock */,
				14685EA019FAD44B007B705B /* Sources */,
				14685EA119FAD44B007B705B /* Frameworks */,
				14685EA219FAD44B007B705B /* Resources */,
				B19D5CAA9525DE230C7C7BC5 /* Copy Pods Resources */,
			);
			buildRules = (
			);
			dependencies = (
			);
			name = codePad;
			productName = codePad;
			productReference = 14685EA419FAD44B007B705B /* codePad.app */;
			productType = "com.apple.product-type.application";
		};
		14685EBC19FAD44C007B705B /* codePadTests */ = {
			isa = PBXNativeTarget;
			buildConfigurationList = 14685ECA19FAD44C007B705B /* Build configuration list for PBXNativeTarget "codePadTests" */;
			buildPhases = (
				14685EB919FAD44C007B705B /* Sources */,
				14685EBA19FAD44C007B705B /* Frameworks */,
				14685EBB19FAD44C007B705B /* Resources */,
			);
			buildRules = (
			);
			dependencies = (
				14685EBF19FAD44C007B705B /* PBXTargetDependency */,
			);
			name = codePadTests;
			productName = codePadTests;
			productReference = 14685EBD19FAD44C007B705B /* codePadTests.xctest */;
			productType = "com.apple.product-type.bundle.unit-test";
		};
/* End PBXNativeTarget section */

/* Begin PBXProject section */
		14685E9C19FAD44B007B705B /* Project object */ = {
			isa = PBXProject;
			attributes = {
				LastUpgradeCheck = 0610;
				ORGANIZATIONNAME = "Maciej Matuszewski";
				TargetAttributes = {
					14685EA319FAD44B007B705B = {
						CreatedOnToolsVersion = 6.1;
						DevelopmentTeam = TLA9984P8M;
						SystemCapabilities = {
							com.apple.iCloud = {
								enabled = 1;
							};
						};
					};
					14685EBC19FAD44C007B705B = {
						CreatedOnToolsVersion = 6.1;
						TestTargetID = 14685EA319FAD44B007B705B;
					};
				};
			};
			buildConfigurationList = 14685E9F19FAD44B007B705B /* Build configuration list for PBXProject "codePad" */;
			compatibilityVersion = "Xcode 3.2";
			developmentRegion = English;
			hasScannedForEncodings = 0;
			knownRegions = (
				en,
				Base,
			);
			mainGroup = 14685E9B19FAD44B007B705B;
			productRefGroup = 14685EA519FAD44B007B705B /* Products */;
			projectDirPath = "";
			projectRoot = "";
			targets = (
				14685EA319FAD44B007B705B /* codePad */,
				14685EBC19FAD44C007B705B /* codePadTests */,
			);
		};
/* End PBXProject section */

/* Begin PBXResourcesBuildPhase section */
		14685EA219FAD44B007B705B /* Resources */ = {
			isa = PBXResourcesBuildPhase;
			buildActionMask = 2147483647;
			files = (
				14685EB319FAD44B007B705B /* Main.storyboard in Resources */,
				14685EB519FAD44B007B705B /* Images.xcassets in Resources */,
			);
			runOnlyForDeploymentPostprocessing = 0;
		};
		14685EBB19FAD44C007B705B /* Resources */ = {
			isa = PBXResourcesBuildPhase;
			buildActionMask = 2147483647;
			files = (
			);
			runOnlyForDeploymentPostprocessing = 0;
		};
/* End PBXResourcesBuildPhase section */

/* Begin PBXShellScriptBuildPhase section */
		35FD0847D606DFA4A94846E1 /* Check Pods Manifest.lock */ = {
			isa = PBXShellScriptBuildPhase;
			buildActionMask = 2147483647;
			files = (
			);
			inputPaths = (
			);
			name = "Check Pods Manifest.lock";
			outputPaths = (
			);
			runOnlyForDeploymentPostprocessing = 0;
			shellPath = /bin/sh;
			shellScript = "diff \"${PODS_ROOT}/../Podfile.lock\" \"${PODS_ROOT}/Manifest.lock\" > /dev/null\nif [[ $? != 0 ]] ; then\n    cat << EOM\nerror: The sandbox is not in sync with the Podfile.lock. Run 'pod install' or update your CocoaPods installation.\nEOM\n    exit 1\nfi\n";
			showEnvVarsInLog = 0;
		};
		B19D5CAA9525DE230C7C7BC5 /* Copy Pods Resources */ = {
			isa = PBXShellScriptBuildPhase;
			buildActionMask = 2147483647;
			files = (
			);
			inputPaths = (
			);
			name = "Copy Pods Resources";
			outputPaths = (
			);
			runOnlyForDeploymentPostprocessing = 0;
			shellPath = /bin/sh;
			shellScript = "\"${SRCROOT}/Pods/Target Support Files/Pods/Pods-resources.sh\"\n";
			showEnvVarsInLog = 0;
		};
/* End PBXShellScriptBuildPhase section */

/* Begin PBXSourcesBuildPhase section */
		14685EA019FAD44B007B705B /* Sources */ = {
			isa = PBXSourcesBuildPhase;
			buildActionMask = 2147483647;
			files = (
				14685FB219FB0695007B705B /* ViewController.m in Sources */,
				14685FA919FB0657007B705B /* CYRLayoutManager.m in Sources */,
				14685FAA19FB0657007B705B /* CYRTextStorage.m in Sources */,
				14685FB119FB0695007B705B /* QEDTextView.m in Sources */,
				147C444B19FD5E3A00E56AC1 /* SelectFileViewController.m in Sources */,
				14685FAB19FB0657007B705B /* CYRTextView.m in Sources */,
				14997B3D19FD6CEF004BFB5E /* DropboxTableViewController.m in Sources */,
				14997B4319FD8FD1004BFB5E /* FileTableViewCell.m in Sources */,
				14685FAC19FB0657007B705B /* CYRToken.m in Sources */,
				14685EAD19FAD44B007B705B /* AppDelegate.m in Sources */,
				14685EAA19FAD44B007B705B /* main.m in Sources */,
			);
			runOnlyForDeploymentPostprocessing = 0;
		};
		14685EB919FAD44C007B705B /* Sources */ = {
			isa = PBXSourcesBuildPhase;
			buildActionMask = 2147483647;
			files = (
				14685EC419FAD44C007B705B /* codePadTests.m in Sources */,
			);
			runOnlyForDeploymentPostprocessing = 0;
		};
/* End PBXSourcesBuildPhase section */

/* Begin PBXTargetDependency section */
		14685EBF19FAD44C007B705B /* PBXTargetDependency */ = {
			isa = PBXTargetDependency;
			target = 14685EA319FAD44B007B705B /* codePad */;
			targetProxy = 14685EBE19FAD44C007B705B /* PBXContainerItemProxy */;
		};
/* End PBXTargetDependency section */

/* Begin PBXVariantGroup section */
		14685EB119FAD44B007B705B /* Main.storyboard */ = {
			isa = PBXVariantGroup;
			children = (
				14685EB219FAD44B007B705B /* Base */,
			);
			name = Main.storyboard;
			sourceTree = "<group>";
		};
/* End PBXVariantGroup section */

/* Begin XCBuildConfiguration section */
		14685EC519FAD44C007B705B /* Debug */ = {
			isa = XCBuildConfiguration;
			buildSettings = {
				ALWAYS_SEARCH_USER_PATHS = NO;
				CLANG_CXX_LANGUAGE_STANDARD = "gnu++0x";
				CLANG_CXX_LIBRARY = "libc++";
				CLANG_ENABLE_MODULES = YES;
				CLANG_ENABLE_OBJC_ARC = YES;
				CLANG_WARN_BOOL_CONVERSION = YES;
				CLANG_WARN_CONSTANT_CONVERSION = YES;
				CLANG_WARN_DIRECT_OBJC_ISA_USAGE = YES_ERROR;
				CLANG_WARN_EMPTY_BODY = YES;
				CLANG_WARN_ENUM_CONVERSION = YES;
				CLANG_WARN_INT_CONVERSION = YES;
				CLANG_WARN_OBJC_ROOT_CLASS = YES_ERROR;
				CLANG_WARN_UNREACHABLE_CODE = YES;
				CLANG_WARN__DUPLICATE_METHOD_MATCH = YES;
				"CODE_SIGN_IDENTITY[sdk=iphoneos*]" = "iPhone Developer";
				COPY_PHASE_STRIP = NO;
				ENABLE_STRICT_OBJC_MSGSEND = YES;
				GCC_C_LANGUAGE_STANDARD = gnu99;
				GCC_DYNAMIC_NO_PIC = NO;
				GCC_OPTIMIZATION_LEVEL = 0;
				GCC_PREPROCESSOR_DEFINITIONS = (
					"DEBUG=1",
					"$(inherited)",
				);
				GCC_SYMBOLS_PRIVATE_EXTERN = NO;
				GCC_WARN_64_TO_32_BIT_CONVERSION = YES;
				GCC_WARN_ABOUT_RETURN_TYPE = YES_ERROR;
				GCC_WARN_UNDECLARED_SELECTOR = YES;
				GCC_WARN_UNINITIALIZED_AUTOS = YES_AGGRESSIVE;
				GCC_WARN_UNUSED_FUNCTION = YES;
				GCC_WARN_UNUSED_VARIABLE = YES;
				IPHONEOS_DEPLOYMENT_TARGET = 8.1;
				MTL_ENABLE_DEBUG_INFO = YES;
				ONLY_ACTIVE_ARCH = YES;
				SDKROOT = iphoneos;
				TARGETED_DEVICE_FAMILY = 2;
			};
			name = Debug;
		};
		14685EC619FAD44C007B705B /* Release */ = {
			isa = XCBuildConfiguration;
			buildSettings = {
				ALWAYS_SEARCH_USER_PATHS = NO;
				CLANG_CXX_LANGUAGE_STANDARD = "gnu++0x";
				CLANG_CXX_LIBRARY = "libc++";
				CLANG_ENABLE_MODULES = YES;
				CLANG_ENABLE_OBJC_ARC = YES;
				CLANG_WARN_BOOL_CONVERSION = YES;
				CLANG_WARN_CONSTANT_CONVERSION = YES;
				CLANG_WARN_DIRECT_OBJC_ISA_USAGE = YES_ERROR;
				CLANG_WARN_EMPTY_BODY = YES;
				CLANG_WARN_ENUM_CONVERSION = YES;
				CLANG_WARN_INT_CONVERSION = YES;
				CLANG_WARN_OBJC_ROOT_CLASS = YES_ERROR;
				CLANG_WARN_UNREACHABLE_CODE = YES;
				CLANG_WARN__DUPLICATE_METHOD_MATCH = YES;
				"CODE_SIGN_IDENTITY[sdk=iphoneos*]" = "iPhone Developer";
				COPY_PHASE_STRIP = YES;
				ENABLE_NS_ASSERTIONS = NO;
				ENABLE_STRICT_OBJC_MSGSEND = YES;
				GCC_C_LANGUAGE_STANDARD = gnu99;
				GCC_WARN_64_TO_32_BIT_CONVERSION = YES;
				GCC_WARN_ABOUT_RETURN_TYPE = YES_ERROR;
				GCC_WARN_UNDECLARED_SELECTOR = YES;
				GCC_WARN_UNINITIALIZED_AUTOS = YES_AGGRESSIVE;
				GCC_WARN_UNUSED_FUNCTION = YES;
				GCC_WARN_UNUSED_VARIABLE = YES;
				IPHONEOS_DEPLOYMENT_TARGET = 8.1;
				MTL_ENABLE_DEBUG_INFO = NO;
				SDKROOT = iphoneos;
				TARGETED_DEVICE_FAMILY = 2;
				VALIDATE_PRODUCT = YES;
			};
			name = Release;
		};
		14685EC819FAD44C007B705B /* Debug */ = {
			isa = XCBuildConfiguration;
			baseConfigurationReference = B856BE1054D1D012721DC9CE /* Pods.debug.xcconfig */;
			buildSettings = {
				ASSETCATALOG_COMPILER_APPICON_NAME = AppIcon;
				ASSETCATALOG_COMPILER_LAUNCHIMAGE_NAME = LaunchImage;
				CODE_SIGN_ENTITLEMENTS = codePad/codePad.entitlements;
				CODE_SIGN_IDENTITY = "iPhone Developer";
				"CODE_SIGN_IDENTITY[sdk=iphoneos*]" = "iPhone Developer";
				INFOPLIST_FILE = codePad/Info.plist;
				IPHONEOS_DEPLOYMENT_TARGET = 7.0;
				LD_RUNPATH_SEARCH_PATHS = "$(inherited) @executable_path/Frameworks";
				PRODUCT_NAME = "$(TARGET_NAME)";
				PROVISIONING_PROFILE = "";
			};
			name = Debug;
		};
		14685EC919FAD44C007B705B /* Release */ = {
			isa = XCBuildConfiguration;
			baseConfigurationReference = 627D1268502EA902597F4DB9 /* Pods.release.xcconfig */;
			buildSettings = {
				ASSETCATALOG_COMPILER_APPICON_NAME = AppIcon;
				ASSETCATALOG_COMPILER_LAUNCHIMAGE_NAME = LaunchImage;
				CODE_SIGN_ENTITLEMENTS = codePad/codePad.entitlements;
				CODE_SIGN_IDENTITY = "iPhone Developer";
				"CODE_SIGN_IDENTITY[sdk=iphoneos*]" = "iPhone Developer";
				INFOPLIST_FILE = codePad/Info.plist;
				IPHONEOS_DEPLOYMENT_TARGET = 7.0;
				LD_RUNPATH_SEARCH_PATHS = "$(inherited) @executable_path/Frameworks";
				PRODUCT_NAME = "$(TARGET_NAME)";
				PROVISIONING_PROFILE = "";
			};
			name = Release;
		};
		14685ECB19FAD44C007B705B /* Debug */ = {
			isa = XCBuildConfiguration;
			buildSettings = {
				BUNDLE_LOADER = "$(TEST_HOST)";
				FRAMEWORK_SEARCH_PATHS = (
					"$(SDKROOT)/Developer/Library/Frameworks",
					"$(inherited)",
				);
				GCC_PREPROCESSOR_DEFINITIONS = (
					"DEBUG=1",
					"$(inherited)",
				);
				INFOPLIST_FILE = codePadTests/Info.plist;
				LD_RUNPATH_SEARCH_PATHS = "$(inherited) @executable_path/Frameworks @loader_path/Frameworks";
				PRODUCT_NAME = "$(TARGET_NAME)";
				TEST_HOST = "$(BUILT_PRODUCTS_DIR)/codePad.app/codePad";
			};
			name = Debug;
		};
		14685ECC19FAD44C007B705B /* Release */ = {
			isa = XCBuildConfiguration;
			buildSettings = {
				BUNDLE_LOADER = "$(TEST_HOST)";
				FRAMEWORK_SEARCH_PATHS = (
					"$(SDKROOT)/Developer/Library/Frameworks",
					"$(inherited)",
				);
				INFOPLIST_FILE = codePadTests/Info.plist;
				LD_RUNPATH_SEARCH_PATHS = "$(inherited) @executable_path/Frameworks @loader_path/Frameworks";
				PRODUCT_NAME = "$(TARGET_NAME)";
				TEST_HOST = "$(BUILT_PRODUCTS_DIR)/codePad.app/codePad";
			};
			name = Release;
		};
/* End XCBuildConfiguration section */

/* Begin XCConfigurationList section */
		14685E9F19FAD44B007B705B /* Build configuration list for PBXProject "codePad" */ = {
			isa = XCConfigurationList;
			buildConfigurations = (
				14685EC519FAD44C007B705B /* Debug */,
				14685EC619FAD44C007B705B /* Release */,
			);
			defaultConfigurationIsVisible = 0;
			defaultConfigurationName = Release;
		};
		14685EC719FAD44C007B705B /* Build configuration list for PBXNativeTarget "codePad" */ = {
			isa = XCConfigurationList;
			buildConfigurations = (
				14685EC819FAD44C007B705B /* Debug */,
				14685EC919FAD44C007B705B /* Release */,
			);
			defaultConfigurationIsVisible = 0;
			defaultConfigurationName = Release;
		};
		14685ECA19FAD44C007B705B /* Build configuration list for PBXNativeTarget "codePadTests" */ = {
			isa = XCConfigurationList;
			buildConfigurations = (
				14685ECB19FAD44C007B705B /* Debug */,
				14685ECC19FAD44C007B705B /* Release */,
			);
			defaultConfigurationIsVisible = 0;
			defaultConfigurationName = Release;
		};
/* End XCConfigurationList section */
	};
	rootObject = 14685E9C19FAD44B007B705B /* Project object */;
}
